
Microsoft Visual Studio Solution File, Format Version 12.00
# Visual Studio Version 17
VisualStudioVersion = 17.0.31903.59
MinimumVisualStudioVersion = 10.0.40219.1
Project("{F2A71F9B-5D33-465A-A702-920D77279786}") = "App", "ui\App.fsproj", "{73A06B6D-7E6D-48BF-BF75-63657B533467}"
EndProject
Project("{F2A71F9B-5D33-465A-A702-920D77279786}") = "Tests", "tests\Tests.fsproj", "{6F6A7F44-C3BD-45C5-A8BB-E13B994CAF79}"
EndProject
Global
	GlobalSection(SolutionConfigurationPlatforms) = preSolution
		Debug|Any CPU = Debug|Any CPU
		Release|Any CPU = Release|Any CPU
	EndGlobalSection
	GlobalSection(ProjectConfigurationPlatforms) = postSolution
		{73A06B6D-7E6D-48BF-BF75-63657B533467}.Debug|Any CPU.ActiveCfg = Debug|Any CPU
		{73A06B6D-7E6D-48BF-BF75-63657B533467}.Debug|Any CPU.Build.0 = Debug|Any CPU
		{73A06B6D-7E6D-48BF-BF75-63657B533467}.Release|Any CPU.ActiveCfg = Release|Any CPU
		{73A06B6D-7E6D-48BF-BF75-63657B533467}.Release|Any CPU.Build.0 = Release|Any CPU
		{6F6A7F44-C3BD-45C5-A8BB-E13B994CAF79}.Debug|Any CPU.ActiveCfg = Debug|Any CPU
		{6F6A7F44-C3BD-45C5-A8BB-E13B994CAF79}.Debug|Any CPU.Build.0 = Debug|Any CPU
		{6F6A7F44-C3BD-45C5-A8BB-E13B994CAF79}.Release|Any CPU.ActiveCfg = Release|Any CPU
		{6F6A7F44-C3BD-45C5-A8BB-E13B994CAF79}.Release|Any CPU.Build.0 = Release|Any CPU
	EndGlobalSection
	GlobalSection(SolutionProperties) = preSolution
		HideSolutionNode = FALSE
	EndGlobalSection
EndGlobal
