
Microsoft Visual Studio Solution File, Format Version 12.00
# Visual Studio Version 17
VisualStudioVersion = 17.0.31903.59
MinimumVisualStudioVersion = 10.0.40219.1
Project("{2150E333-8FDC-42A3-9474-1A3956D46DE8}") = "core", "core", "{A7E2B931-34E5-4B77-B20F-5873DB2BEA7B}"
EndProject
Project("{F2A71F9B-5D33-465A-A702-920D77279786}") = "Core", "core\Core.fsproj", "{B8F6FC6B-9D83-46A4-A96A-2A89E86D2C0F}"
EndProject
Project("{2150E333-8FDC-42A3-9474-1A3956D46DE8}") = "tests", "tests", "{0AB3BF05-4346-4AA6-1389-037BE0695223}"
EndProject
Project("{F2A71F9B-5D33-465A-A702-920D77279786}") = "Tests", "tests\Tests.fsproj", "{6F6A7F44-C3BD-45C5-A8BB-E13B994CAF79}"
EndProject
Project("{2150E333-8FDC-42A3-9474-1A3956D46DE8}") = "ui", "ui", "{FA674B5A-3394-926C-2B1E-70E5B00E4A5C}"
EndProject
Project("{2150E333-8FDC-42A3-9474-1A3956D46DE8}") = "src", "src", "{01E8AB42-5ABD-E289-28CE-AA0EDB659452}"
EndProject
Project("{F2A71F9B-5D33-465A-A702-920D77279786}") = "Ui", "ui\src\Ui.fsproj", "{73A06B6D-7E6D-48BF-BF75-63657B533467}"
EndProject
Global
	GlobalSection(SolutionConfigurationPlatforms) = preSolution
		Debug|Any CPU = Debug|Any CPU
		Debug|x64 = Debug|x64
		Debug|x86 = Debug|x86
		Release|Any CPU = Release|Any CPU
		Release|x64 = Release|x64
		Release|x86 = Release|x86
	EndGlobalSection
	GlobalSection(ProjectConfigurationPlatforms) = postSolution
		{B8F6FC6B-9D83-46A4-A96A-2A89E86D2C0F}.Debug|Any CPU.ActiveCfg = Debug|Any CPU
		{B8F6FC6B-9D83-46A4-A96A-2A89E86D2C0F}.Debug|Any CPU.Build.0 = Debug|Any CPU
		{B8F6FC6B-9D83-46A4-A96A-2A89E86D2C0F}.Debug|x64.ActiveCfg = Debug|Any CPU
		{B8F6FC6B-9D83-46A4-A96A-2A89E86D2C0F}.Debug|x64.Build.0 = Debug|Any CPU
		{B8F6FC6B-9D83-46A4-A96A-2A89E86D2C0F}.Debug|x86.ActiveCfg = Debug|Any CPU
		{B8F6FC6B-9D83-46A4-A96A-2A89E86D2C0F}.Debug|x86.Build.0 = Debug|Any CPU
		{B8F6FC6B-9D83-46A4-A96A-2A89E86D2C0F}.Release|Any CPU.ActiveCfg = Release|Any CPU
		{B8F6FC6B-9D83-46A4-A96A-2A89E86D2C0F}.Release|Any CPU.Build.0 = Release|Any CPU
		{B8F6FC6B-9D83-46A4-A96A-2A89E86D2C0F}.Release|x64.ActiveCfg = Release|Any CPU
		{B8F6FC6B-9D83-46A4-A96A-2A89E86D2C0F}.Release|x64.Build.0 = Release|Any CPU
		{B8F6FC6B-9D83-46A4-A96A-2A89E86D2C0F}.Release|x86.ActiveCfg = Release|Any CPU
		{B8F6FC6B-9D83-46A4-A96A-2A89E86D2C0F}.Release|x86.Build.0 = Release|Any CPU
		{6F6A7F44-C3BD-45C5-A8BB-E13B994CAF79}.Debug|Any CPU.ActiveCfg = Debug|Any CPU
		{6F6A7F44-C3BD-45C5-A8BB-E13B994CAF79}.Debug|Any CPU.Build.0 = Debug|Any CPU
		{6F6A7F44-C3BD-45C5-A8BB-E13B994CAF79}.Debug|x64.ActiveCfg = Debug|Any CPU
		{6F6A7F44-C3BD-45C5-A8BB-E13B994CAF79}.Debug|x64.Build.0 = Debug|Any CPU
		{6F6A7F44-C3BD-45C5-A8BB-E13B994CAF79}.Debug|x86.ActiveCfg = Debug|Any CPU
		{6F6A7F44-C3BD-45C5-A8BB-E13B994CAF79}.Debug|x86.Build.0 = Debug|Any CPU
		{6F6A7F44-C3BD-45C5-A8BB-E13B994CAF79}.Release|Any CPU.ActiveCfg = Release|Any CPU
		{6F6A7F44-C3BD-45C5-A8BB-E13B994CAF79}.Release|Any CPU.Build.0 = Release|Any CPU
		{6F6A7F44-C3BD-45C5-A8BB-E13B994CAF79}.Release|x64.ActiveCfg = Release|Any CPU
		{6F6A7F44-C3BD-45C5-A8BB-E13B994CAF79}.Release|x64.Build.0 = Release|Any CPU
		{6F6A7F44-C3BD-45C5-A8BB-E13B994CAF79}.Release|x86.ActiveCfg = Release|Any CPU
		{6F6A7F44-C3BD-45C5-A8BB-E13B994CAF79}.Release|x86.Build.0 = Release|Any CPU
		{73A06B6D-7E6D-48BF-BF75-63657B533467}.Debug|Any CPU.ActiveCfg = Debug|Any CPU
		{73A06B6D-7E6D-48BF-BF75-63657B533467}.Debug|Any CPU.Build.0 = Debug|Any CPU
		{73A06B6D-7E6D-48BF-BF75-63657B533467}.Debug|x64.ActiveCfg = Debug|Any CPU
		{73A06B6D-7E6D-48BF-BF75-63657B533467}.Debug|x64.Build.0 = Debug|Any CPU
		{73A06B6D-7E6D-48BF-BF75-63657B533467}.Debug|x86.ActiveCfg = Debug|Any CPU
		{73A06B6D-7E6D-48BF-BF75-63657B533467}.Debug|x86.Build.0 = Debug|Any CPU
		{73A06B6D-7E6D-48BF-BF75-63657B533467}.Release|Any CPU.ActiveCfg = Release|Any CPU
		{73A06B6D-7E6D-48BF-BF75-63657B533467}.Release|Any CPU.Build.0 = Release|Any CPU
		{73A06B6D-7E6D-48BF-BF75-63657B533467}.Release|x64.ActiveCfg = Release|Any CPU
		{73A06B6D-7E6D-48BF-BF75-63657B533467}.Release|x64.Build.0 = Release|Any CPU
		{73A06B6D-7E6D-48BF-BF75-63657B533467}.Release|x86.ActiveCfg = Release|Any CPU
		{73A06B6D-7E6D-48BF-BF75-63657B533467}.Release|x86.Build.0 = Release|Any CPU
	EndGlobalSection
	GlobalSection(SolutionProperties) = preSolution
		HideSolutionNode = FALSE
	EndGlobalSection
	GlobalSection(NestedProjects) = preSolution
		{B8F6FC6B-9D83-46A4-A96A-2A89E86D2C0F} = {A7E2B931-34E5-4B77-B20F-5873DB2BEA7B}
		{6F6A7F44-C3BD-45C5-A8BB-E13B994CAF79} = {0AB3BF05-4346-4AA6-1389-037BE0695223}
		{01E8AB42-5ABD-E289-28CE-AA0EDB659452} = {FA674B5A-3394-926C-2B1E-70E5B00E4A5C}
		{73A06B6D-7E6D-48BF-BF75-63657B533467} = {01E8AB42-5ABD-E289-28CE-AA0EDB659452}
	EndGlobalSection
EndGlobal
